
Microsoft Visual Studio Solution File, Format Version 12.00
# Visual Studio Version 17
VisualStudioVersion = 17.11.35222.181
MinimumVisualStudioVersion = 10.0.40219.1
Project("{2150E333-8FDC-42A3-9474-1A3956D46DE8}") = "FrontEnd", "FrontEnd", "{F25DABCE-3C8A-4F01-926A-B16A2B2091B3}"
EndProject
Project("{2150E333-8FDC-42A3-9474-1A3956D46DE8}") = "Infra.Bus", "Infra.Bus", "{26A3E23D-A200-4E36-9B1C-1712AED9FA4B}"
EndProject
Project("{2150E333-8FDC-42A3-9474-1A3956D46DE8}") = "MicroServices", "MicroServices", "{476D0DA9-5AE6-43B4-8CB2-D5168D6195AA}"
EndProject
Project("{2150E333-8FDC-42A3-9474-1A3956D46DE8}") = "Gateway", "Gateway", "{5B823B11-521A-4EFD-A095-59C0481F6D71}"
EndProject
Project("{2150E333-8FDC-42A3-9474-1A3956D46DE8}") = "Notification", "Notification", "{DB48DE83-EE55-432E-8A83-A7F2EDA625B1}"
EndProject
Project("{2150E333-8FDC-42A3-9474-1A3956D46DE8}") = "ShoppingCart", "ShoppingCart", "{6219231A-F947-4370-918E-DF4525011D83}"
EndProject
Project("{2150E333-8FDC-42A3-9474-1A3956D46DE8}") = "Order", "Order", "{396161D7-2A3E-4ED1-AE0F-F99A9A58333F}"
EndProject
Project("{2150E333-8FDC-42A3-9474-1A3956D46DE8}") = "Auth", "Auth", "{E9EB3334-8EC3-40DD-96B8-F6088B9A3B65}"
EndProject
Project("{2150E333-8FDC-42A3-9474-1A3956D46DE8}") = "Product", "Product", "{E51425D7-0541-4780-9291-5FECE996265A}"
EndProject
Project("{2150E333-8FDC-42A3-9474-1A3956D46DE8}") = "Domain", "Domain", "{C5313583-6617-48E8-A04F-9EA449F7CA97}"
EndProject
Project("{2150E333-8FDC-42A3-9474-1A3956D46DE8}") = "Data", "Data", "{DA4B24F3-D115-4421-854B-7196E2D222C8}"
EndProject
Project("{2150E333-8FDC-42A3-9474-1A3956D46DE8}") = "Application", "Application", "{A283ED20-69EF-4F81-9E00-4A1607A8A95E}"
EndProject
Project("{2150E333-8FDC-42A3-9474-1A3956D46DE8}") = "API", "API", "{B6989433-D37F-4F2C-B369-A51B5158878C}"
EndProject
Project("{2150E333-8FDC-42A3-9474-1A3956D46DE8}") = "API", "API", "{9430368A-7A3D-490C-BC91-D361367F1338}"
EndProject
Project("{2150E333-8FDC-42A3-9474-1A3956D46DE8}") = "Application", "Application", "{9058324B-A7A8-48C6-8B05-7D5B976319AE}"
EndProject
Project("{2150E333-8FDC-42A3-9474-1A3956D46DE8}") = "Domain", "Domain", "{D57A32B2-DAC7-4037-AA02-F7C05717A637}"
EndProject
Project("{2150E333-8FDC-42A3-9474-1A3956D46DE8}") = "Data", "Data", "{F5EFCB19-9B76-4DAB-8C70-F77F1D6C9752}"
EndProject
Project("{2150E333-8FDC-42A3-9474-1A3956D46DE8}") = "API", "API", "{F2E2EBEF-E4C4-48D4-8217-96F3B6BAB53D}"
EndProject
Project("{2150E333-8FDC-42A3-9474-1A3956D46DE8}") = "Application", "Application", "{171AD321-AC99-4DEC-912B-069D33C09244}"
EndProject
Project("{2150E333-8FDC-42A3-9474-1A3956D46DE8}") = "Data", "Data", "{9BB2B1EA-4710-489F-BF3B-9FAEE2D00D55}"
EndProject
Project("{2150E333-8FDC-42A3-9474-1A3956D46DE8}") = "Domain", "Domain", "{36976BB8-71B0-4F41-9FC1-967B5BFECFE2}"
EndProject
Project("{2150E333-8FDC-42A3-9474-1A3956D46DE8}") = "API", "API", "{4E621BE5-FBAC-4925-83B5-192918937B3E}"
EndProject
Project("{2150E333-8FDC-42A3-9474-1A3956D46DE8}") = "Application", "Application", "{0534387F-4CD2-47FE-9318-591291A3CEFE}"
EndProject
Project("{2150E333-8FDC-42A3-9474-1A3956D46DE8}") = "Data", "Data", "{13F5C2D5-24AE-44EB-B118-E6815B9C5D58}"
EndProject
Project("{2150E333-8FDC-42A3-9474-1A3956D46DE8}") = "Domain", "Domain", "{6E5C2FCE-63BF-46A3-9321-E8B771E8A278}"
EndProject
Project("{9A19103F-16F7-4668-BE54-9A1E7A4F7556}") = "TGA.ECommerceApp.Product.Domain", "TGA.ECommerceApp.Product.Domain\TGA.ECommerceApp.Product.Domain.csproj", "{5E8FBAE0-638C-4000-AD94-7BBBB5E7E547}"
EndProject
Project("{9A19103F-16F7-4668-BE54-9A1E7A4F7556}") = "TGA.ECommerceApp.Product.Data", "TGA.ECommerceApp.Product.Data\TGA.ECommerceApp.Product.Data.csproj", "{BFD7FD91-F8CF-4CD5-8B22-5E2EE4F9BE8F}"
EndProject
Project("{9A19103F-16F7-4668-BE54-9A1E7A4F7556}") = "TGA.ECommerceApp.Product.Application", "TGA.ECommerceApp.Product.Application\TGA.ECommerceApp.Product.Application.csproj", "{A9F00E64-9F33-420D-8044-8DCF3294190E}"
EndProject
Project("{9A19103F-16F7-4668-BE54-9A1E7A4F7556}") = "TGA.ECommerceApp.Product.API", "TGA.ECommerceApp.Product.API\TGA.ECommerceApp.Product.API.csproj", "{F3E36201-C2CB-443D-8DB2-0DB8F3BE91C1}"
EndProject
Project("{9A19103F-16F7-4668-BE54-9A1E7A4F7556}") = "TGA.ECommerceApp.Auth.Domain", "TGA.ECommerceApp.Auth.Domain\TGA.ECommerceApp.Auth.Domain.csproj", "{1D0E6264-0A31-4499-97EA-00576DCF4571}"
EndProject
Project("{9A19103F-16F7-4668-BE54-9A1E7A4F7556}") = "TGA.ECommerceApp.Auth.Data", "TGA.ECommerceApp.Auth.data\TGA.ECommerceApp.Auth.Data.csproj", "{E065AECC-65AF-4E1C-8A6A-5C2FC638E502}"
EndProject
Project("{9A19103F-16F7-4668-BE54-9A1E7A4F7556}") = "TGA.ECommerceApp.Auth.Application", "TGA.ECommerceApp.Auth.Application\TGA.ECommerceApp.Auth.Application.csproj", "{6D414BF3-488B-4128-ADA9-58B01EAF44A4}"
EndProject
Project("{9A19103F-16F7-4668-BE54-9A1E7A4F7556}") = "TGA.ECommerceApp.Auth.API", "TGA.ECommerceApp.Auth.API\TGA.ECommerceApp.Auth.API.csproj", "{667BB7A8-1BAD-45AE-A5B2-E7FB8D7DECEA}"
EndProject
Project("{9A19103F-16F7-4668-BE54-9A1E7A4F7556}") = "TGA.ECommerceApp.ShoppingCart.Domain", "TGA.ECommerceApp.ShoppingCart.Domain\TGA.ECommerceApp.ShoppingCart.Domain.csproj", "{6C1896B2-3C3E-4E6F-B48F-B465159CF5C0}"
EndProject
Project("{9A19103F-16F7-4668-BE54-9A1E7A4F7556}") = "TGA.ECommerceApp.ShoppingCart.Data", "TGA.ECommerceApp.ShoppingCart.Data\TGA.ECommerceApp.ShoppingCart.Data.csproj", "{27D4DF20-2583-4201-8908-EDF6C7E55380}"
EndProject
Project("{9A19103F-16F7-4668-BE54-9A1E7A4F7556}") = "TGA.ECommerceApp.ShoppingCart.Application", "TGA.ECommerceApp.ShoppingCart.Application\TGA.ECommerceApp.ShoppingCart.Application.csproj", "{C535B026-601A-4E70-A8C2-EA2BE5F3D82E}"
EndProject
Project("{9A19103F-16F7-4668-BE54-9A1E7A4F7556}") = "TGA.ECommerceApp.ShoppingCart.API", "TGA.ECommerceApp.ShoppingCart.API\TGA.ECommerceApp.ShoppingCart.API.csproj", "{6117F511-BD4C-448B-9936-33202722DDDE}"
EndProject
Project("{FAE04EC0-301F-11D3-BF4B-00C04F79EFBC}") = "TGA.ECommerceApp.Order.Domain", "TGA.ECommerceApp.Order.Domain\TGA.ECommerceApp.Order.Domain.csproj", "{7EE2F70B-4777-4DEA-80F0-8CDAEE922AAA}"
EndProject
Project("{FAE04EC0-301F-11D3-BF4B-00C04F79EFBC}") = "TGA.ECommerceApp.Order.Application", "TGA.ECommerceApp.Order.Application\TGA.ECommerceApp.Order.Application.csproj", "{2B00AC2B-8233-454B-8153-D2DE1215FD10}"
EndProject
Project("{FAE04EC0-301F-11D3-BF4B-00C04F79EFBC}") = "TGA.ECommerceApp.Order.Data", "TGA.ECommerceApp.Order.Data\TGA.ECommerceApp.Order.Data.csproj", "{0CBDC068-9C0F-4AB6-B836-7FCA872F689D}"
EndProject
Project("{FAE04EC0-301F-11D3-BF4B-00C04F79EFBC}") = "TGA.ECommerceApp.Order.API", "TGA.ECommerceApp.Order.API\TGA.ECommerceApp.Order.API.csproj", "{8AB15334-614E-494E-A0DA-0ED1BD2A5D90}"
EndProject
Project("{FAE04EC0-301F-11D3-BF4B-00C04F79EFBC}") = "TGA.ECommerceApp.OcelotApiGateway", "TGA.ECommerceApp.OcelotApiGateway\TGA.ECommerceApp.OcelotApiGateway.csproj", "{6AB75D04-18A5-408A-8F40-0FBB699D5F63}"
EndProject
Project("{E53339B2-1760-4266-BCC7-CA923CBCF16C}") = "docker-compose", "docker-compose.dcproj", "{B080DE20-79AE-4CAE-8F53-013560B59294}"
EndProject
Global
	GlobalSection(SolutionConfigurationPlatforms) = preSolution
		Debug|Any CPU = Debug|Any CPU
		Release|Any CPU = Release|Any CPU
	EndGlobalSection
	GlobalSection(ProjectConfigurationPlatforms) = postSolution
		{5E8FBAE0-638C-4000-AD94-7BBBB5E7E547}.Debug|Any CPU.ActiveCfg = Debug|Any CPU
		{5E8FBAE0-638C-4000-AD94-7BBBB5E7E547}.Debug|Any CPU.Build.0 = Debug|Any CPU
		{5E8FBAE0-638C-4000-AD94-7BBBB5E7E547}.Release|Any CPU.ActiveCfg = Release|Any CPU
		{5E8FBAE0-638C-4000-AD94-7BBBB5E7E547}.Release|Any CPU.Build.0 = Release|Any CPU
		{BFD7FD91-F8CF-4CD5-8B22-5E2EE4F9BE8F}.Debug|Any CPU.ActiveCfg = Debug|Any CPU
		{BFD7FD91-F8CF-4CD5-8B22-5E2EE4F9BE8F}.Debug|Any CPU.Build.0 = Debug|Any CPU
		{BFD7FD91-F8CF-4CD5-8B22-5E2EE4F9BE8F}.Release|Any CPU.ActiveCfg = Release|Any CPU
		{BFD7FD91-F8CF-4CD5-8B22-5E2EE4F9BE8F}.Release|Any CPU.Build.0 = Release|Any CPU
		{A9F00E64-9F33-420D-8044-8DCF3294190E}.Debug|Any CPU.ActiveCfg = Debug|Any CPU
		{A9F00E64-9F33-420D-8044-8DCF3294190E}.Debug|Any CPU.Build.0 = Debug|Any CPU
		{A9F00E64-9F33-420D-8044-8DCF3294190E}.Release|Any CPU.ActiveCfg = Release|Any CPU
		{A9F00E64-9F33-420D-8044-8DCF3294190E}.Release|Any CPU.Build.0 = Release|Any CPU
		{F3E36201-C2CB-443D-8DB2-0DB8F3BE91C1}.Debug|Any CPU.ActiveCfg = Debug|Any CPU
		{F3E36201-C2CB-443D-8DB2-0DB8F3BE91C1}.Debug|Any CPU.Build.0 = Debug|Any CPU
		{F3E36201-C2CB-443D-8DB2-0DB8F3BE91C1}.Release|Any CPU.ActiveCfg = Release|Any CPU
		{F3E36201-C2CB-443D-8DB2-0DB8F3BE91C1}.Release|Any CPU.Build.0 = Release|Any CPU
		{1D0E6264-0A31-4499-97EA-00576DCF4571}.Debug|Any CPU.ActiveCfg = Debug|Any CPU
		{1D0E6264-0A31-4499-97EA-00576DCF4571}.Debug|Any CPU.Build.0 = Debug|Any CPU
		{1D0E6264-0A31-4499-97EA-00576DCF4571}.Release|Any CPU.ActiveCfg = Release|Any CPU
		{1D0E6264-0A31-4499-97EA-00576DCF4571}.Release|Any CPU.Build.0 = Release|Any CPU
		{E065AECC-65AF-4E1C-8A6A-5C2FC638E502}.Debug|Any CPU.ActiveCfg = Debug|Any CPU
		{E065AECC-65AF-4E1C-8A6A-5C2FC638E502}.Debug|Any CPU.Build.0 = Debug|Any CPU
		{E065AECC-65AF-4E1C-8A6A-5C2FC638E502}.Release|Any CPU.ActiveCfg = Release|Any CPU
		{E065AECC-65AF-4E1C-8A6A-5C2FC638E502}.Release|Any CPU.Build.0 = Release|Any CPU
		{6D414BF3-488B-4128-ADA9-58B01EAF44A4}.Debug|Any CPU.ActiveCfg = Debug|Any CPU
		{6D414BF3-488B-4128-ADA9-58B01EAF44A4}.Debug|Any CPU.Build.0 = Debug|Any CPU
		{6D414BF3-488B-4128-ADA9-58B01EAF44A4}.Release|Any CPU.ActiveCfg = Release|Any CPU
		{6D414BF3-488B-4128-ADA9-58B01EAF44A4}.Release|Any CPU.Build.0 = Release|Any CPU
		{667BB7A8-1BAD-45AE-A5B2-E7FB8D7DECEA}.Debug|Any CPU.ActiveCfg = Debug|Any CPU
		{667BB7A8-1BAD-45AE-A5B2-E7FB8D7DECEA}.Debug|Any CPU.Build.0 = Debug|Any CPU
		{667BB7A8-1BAD-45AE-A5B2-E7FB8D7DECEA}.Release|Any CPU.ActiveCfg = Release|Any CPU
		{667BB7A8-1BAD-45AE-A5B2-E7FB8D7DECEA}.Release|Any CPU.Build.0 = Release|Any CPU
		{6C1896B2-3C3E-4E6F-B48F-B465159CF5C0}.Debug|Any CPU.ActiveCfg = Debug|Any CPU
		{6C1896B2-3C3E-4E6F-B48F-B465159CF5C0}.Debug|Any CPU.Build.0 = Debug|Any CPU
		{6C1896B2-3C3E-4E6F-B48F-B465159CF5C0}.Release|Any CPU.ActiveCfg = Release|Any CPU
		{6C1896B2-3C3E-4E6F-B48F-B465159CF5C0}.Release|Any CPU.Build.0 = Release|Any CPU
		{27D4DF20-2583-4201-8908-EDF6C7E55380}.Debug|Any CPU.ActiveCfg = Debug|Any CPU
		{27D4DF20-2583-4201-8908-EDF6C7E55380}.Debug|Any CPU.Build.0 = Debug|Any CPU
		{27D4DF20-2583-4201-8908-EDF6C7E55380}.Release|Any CPU.ActiveCfg = Release|Any CPU
		{27D4DF20-2583-4201-8908-EDF6C7E55380}.Release|Any CPU.Build.0 = Release|Any CPU
		{C535B026-601A-4E70-A8C2-EA2BE5F3D82E}.Debug|Any CPU.ActiveCfg = Debug|Any CPU
		{C535B026-601A-4E70-A8C2-EA2BE5F3D82E}.Debug|Any CPU.Build.0 = Debug|Any CPU
		{C535B026-601A-4E70-A8C2-EA2BE5F3D82E}.Release|Any CPU.ActiveCfg = Release|Any CPU
		{C535B026-601A-4E70-A8C2-EA2BE5F3D82E}.Release|Any CPU.Build.0 = Release|Any CPU
		{6117F511-BD4C-448B-9936-33202722DDDE}.Debug|Any CPU.ActiveCfg = Debug|Any CPU
		{6117F511-BD4C-448B-9936-33202722DDDE}.Debug|Any CPU.Build.0 = Debug|Any CPU
		{6117F511-BD4C-448B-9936-33202722DDDE}.Release|Any CPU.ActiveCfg = Release|Any CPU
		{6117F511-BD4C-448B-9936-33202722DDDE}.Release|Any CPU.Build.0 = Release|Any CPU
		{7EE2F70B-4777-4DEA-80F0-8CDAEE922AAA}.Debug|Any CPU.ActiveCfg = Debug|Any CPU
		{7EE2F70B-4777-4DEA-80F0-8CDAEE922AAA}.Debug|Any CPU.Build.0 = Debug|Any CPU
		{7EE2F70B-4777-4DEA-80F0-8CDAEE922AAA}.Release|Any CPU.ActiveCfg = Release|Any CPU
		{7EE2F70B-4777-4DEA-80F0-8CDAEE922AAA}.Release|Any CPU.Build.0 = Release|Any CPU
		{2B00AC2B-8233-454B-8153-D2DE1215FD10}.Debug|Any CPU.ActiveCfg = Debug|Any CPU
		{2B00AC2B-8233-454B-8153-D2DE1215FD10}.Debug|Any CPU.Build.0 = Debug|Any CPU
		{2B00AC2B-8233-454B-8153-D2DE1215FD10}.Release|Any CPU.ActiveCfg = Release|Any CPU
		{2B00AC2B-8233-454B-8153-D2DE1215FD10}.Release|Any CPU.Build.0 = Release|Any CPU
		{0CBDC068-9C0F-4AB6-B836-7FCA872F689D}.Debug|Any CPU.ActiveCfg = Debug|Any CPU
		{0CBDC068-9C0F-4AB6-B836-7FCA872F689D}.Debug|Any CPU.Build.0 = Debug|Any CPU
		{0CBDC068-9C0F-4AB6-B836-7FCA872F689D}.Release|Any CPU.ActiveCfg = Release|Any CPU
		{0CBDC068-9C0F-4AB6-B836-7FCA872F689D}.Release|Any CPU.Build.0 = Release|Any CPU
		{8AB15334-614E-494E-A0DA-0ED1BD2A5D90}.Debug|Any CPU.ActiveCfg = Debug|Any CPU
		{8AB15334-614E-494E-A0DA-0ED1BD2A5D90}.Debug|Any CPU.Build.0 = Debug|Any CPU
		{8AB15334-614E-494E-A0DA-0ED1BD2A5D90}.Release|Any CPU.ActiveCfg = Release|Any CPU
		{8AB15334-614E-494E-A0DA-0ED1BD2A5D90}.Release|Any CPU.Build.0 = Release|Any CPU
		{6AB75D04-18A5-408A-8F40-0FBB699D5F63}.Debug|Any CPU.ActiveCfg = Debug|Any CPU
		{6AB75D04-18A5-408A-8F40-0FBB699D5F63}.Debug|Any CPU.Build.0 = Debug|Any CPU
		{6AB75D04-18A5-408A-8F40-0FBB699D5F63}.Release|Any CPU.ActiveCfg = Release|Any CPU
		{6AB75D04-18A5-408A-8F40-0FBB699D5F63}.Release|Any CPU.Build.0 = Release|Any CPU
		{B080DE20-79AE-4CAE-8F53-013560B59294}.Debug|Any CPU.ActiveCfg = Debug|Any CPU
		{B080DE20-79AE-4CAE-8F53-013560B59294}.Debug|Any CPU.Build.0 = Debug|Any CPU
		{B080DE20-79AE-4CAE-8F53-013560B59294}.Release|Any CPU.ActiveCfg = Release|Any CPU
		{B080DE20-79AE-4CAE-8F53-013560B59294}.Release|Any CPU.Build.0 = Release|Any CPU
	EndGlobalSection
	GlobalSection(SolutionProperties) = preSolution
		HideSolutionNode = FALSE
	EndGlobalSection
	GlobalSection(NestedProjects) = preSolution
		{DB48DE83-EE55-432E-8A83-A7F2EDA625B1} = {476D0DA9-5AE6-43B4-8CB2-D5168D6195AA}
		{6219231A-F947-4370-918E-DF4525011D83} = {476D0DA9-5AE6-43B4-8CB2-D5168D6195AA}
		{396161D7-2A3E-4ED1-AE0F-F99A9A58333F} = {476D0DA9-5AE6-43B4-8CB2-D5168D6195AA}
		{E9EB3334-8EC3-40DD-96B8-F6088B9A3B65} = {476D0DA9-5AE6-43B4-8CB2-D5168D6195AA}
		{E51425D7-0541-4780-9291-5FECE996265A} = {476D0DA9-5AE6-43B4-8CB2-D5168D6195AA}
		{C5313583-6617-48E8-A04F-9EA449F7CA97} = {E51425D7-0541-4780-9291-5FECE996265A}
		{DA4B24F3-D115-4421-854B-7196E2D222C8} = {E51425D7-0541-4780-9291-5FECE996265A}
		{A283ED20-69EF-4F81-9E00-4A1607A8A95E} = {E51425D7-0541-4780-9291-5FECE996265A}
		{B6989433-D37F-4F2C-B369-A51B5158878C} = {E51425D7-0541-4780-9291-5FECE996265A}
		{9430368A-7A3D-490C-BC91-D361367F1338} = {E9EB3334-8EC3-40DD-96B8-F6088B9A3B65}
		{9058324B-A7A8-48C6-8B05-7D5B976319AE} = {E9EB3334-8EC3-40DD-96B8-F6088B9A3B65}
		{D57A32B2-DAC7-4037-AA02-F7C05717A637} = {E9EB3334-8EC3-40DD-96B8-F6088B9A3B65}
		{F5EFCB19-9B76-4DAB-8C70-F77F1D6C9752} = {E9EB3334-8EC3-40DD-96B8-F6088B9A3B65}
		{F2E2EBEF-E4C4-48D4-8217-96F3B6BAB53D} = {6219231A-F947-4370-918E-DF4525011D83}
		{171AD321-AC99-4DEC-912B-069D33C09244} = {6219231A-F947-4370-918E-DF4525011D83}
		{9BB2B1EA-4710-489F-BF3B-9FAEE2D00D55} = {6219231A-F947-4370-918E-DF4525011D83}
		{36976BB8-71B0-4F41-9FC1-967B5BFECFE2} = {6219231A-F947-4370-918E-DF4525011D83}
		{4E621BE5-FBAC-4925-83B5-192918937B3E} = {396161D7-2A3E-4ED1-AE0F-F99A9A58333F}
		{0534387F-4CD2-47FE-9318-591291A3CEFE} = {396161D7-2A3E-4ED1-AE0F-F99A9A58333F}
		{13F5C2D5-24AE-44EB-B118-E6815B9C5D58} = {396161D7-2A3E-4ED1-AE0F-F99A9A58333F}
		{6E5C2FCE-63BF-46A3-9321-E8B771E8A278} = {396161D7-2A3E-4ED1-AE0F-F99A9A58333F}
		{5E8FBAE0-638C-4000-AD94-7BBBB5E7E547} = {C5313583-6617-48E8-A04F-9EA449F7CA97}
		{BFD7FD91-F8CF-4CD5-8B22-5E2EE4F9BE8F} = {DA4B24F3-D115-4421-854B-7196E2D222C8}
		{A9F00E64-9F33-420D-8044-8DCF3294190E} = {A283ED20-69EF-4F81-9E00-4A1607A8A95E}
		{F3E36201-C2CB-443D-8DB2-0DB8F3BE91C1} = {B6989433-D37F-4F2C-B369-A51B5158878C}
		{1D0E6264-0A31-4499-97EA-00576DCF4571} = {D57A32B2-DAC7-4037-AA02-F7C05717A637}
		{E065AECC-65AF-4E1C-8A6A-5C2FC638E502} = {F5EFCB19-9B76-4DAB-8C70-F77F1D6C9752}
		{6D414BF3-488B-4128-ADA9-58B01EAF44A4} = {9058324B-A7A8-48C6-8B05-7D5B976319AE}
		{667BB7A8-1BAD-45AE-A5B2-E7FB8D7DECEA} = {9430368A-7A3D-490C-BC91-D361367F1338}
		{6C1896B2-3C3E-4E6F-B48F-B465159CF5C0} = {36976BB8-71B0-4F41-9FC1-967B5BFECFE2}
		{27D4DF20-2583-4201-8908-EDF6C7E55380} = {9BB2B1EA-4710-489F-BF3B-9FAEE2D00D55}
		{C535B026-601A-4E70-A8C2-EA2BE5F3D82E} = {171AD321-AC99-4DEC-912B-069D33C09244}
		{6117F511-BD4C-448B-9936-33202722DDDE} = {F2E2EBEF-E4C4-48D4-8217-96F3B6BAB53D}
		{7EE2F70B-4777-4DEA-80F0-8CDAEE922AAA} = {6E5C2FCE-63BF-46A3-9321-E8B771E8A278}
		{2B00AC2B-8233-454B-8153-D2DE1215FD10} = {0534387F-4CD2-47FE-9318-591291A3CEFE}
		{0CBDC068-9C0F-4AB6-B836-7FCA872F689D} = {13F5C2D5-24AE-44EB-B118-E6815B9C5D58}
		{8AB15334-614E-494E-A0DA-0ED1BD2A5D90} = {4E621BE5-FBAC-4925-83B5-192918937B3E}
		{6AB75D04-18A5-408A-8F40-0FBB699D5F63} = {5B823B11-521A-4EFD-A095-59C0481F6D71}
	EndGlobalSection
	GlobalSection(ExtensibilityGlobals) = postSolution
		SolutionGuid = {C0F4B8B2-DB68-4F11-BB5D-382D3013F70C}
	EndGlobalSection
EndGlobal
